
Microsoft Visual Studio Solution File, Format Version 12.00
# Visual Studio Version 17
VisualStudioVersion = 17.12.35707.178
MinimumVisualStudioVersion = 10.0.40219.1
Project("{FAE04EC0-301F-11D3-BF4B-00C04F79EFBC}") = "Lab.MVC.AppSemTemplate", "src\Lab.MVC.ConhecimentoEssenciais.AppSemTemplate\Lab.MVC.AppSemTemplate.csproj", "{C5BFCBBD-89A4-4E0D-A6FD-ECD015E3E3C4}"
EndProject
Project("{2150E333-8FDC-42A3-9474-1A3956D46DE8}") = "Solution Items", "Solution Items", "{F5AF2100-528C-4EFE-8C47-2382E6E092E4}"
	ProjectSection(SolutionItems) = preProject
		..\README.md = ..\README.md
	EndProjectSection
EndProject
Project("{FAE04EC0-301F-11D3-BF4B-00C04F79EFBC}") = "Lab.MVC.AppSemTemplate.UnitTests", "tests\Lab.MVC.AppSemTemplate.UnitTests\Lab.MVC.AppSemTemplate.UnitTests.csproj", "{7F52B12C-025C-4ABF-A8F2-0402BD602048}"
EndProject
Global
	GlobalSection(SolutionConfigurationPlatforms) = preSolution
		Debug|Any CPU = Debug|Any CPU
		Release|Any CPU = Release|Any CPU
	EndGlobalSection
	GlobalSection(ProjectConfigurationPlatforms) = postSolution
		{C5BFCBBD-89A4-4E0D-A6FD-ECD015E3E3C4}.Debug|Any CPU.ActiveCfg = Debug|Any CPU
		{C5BFCBBD-89A4-4E0D-A6FD-ECD015E3E3C4}.Debug|Any CPU.Build.0 = Debug|Any CPU
		{C5BFCBBD-89A4-4E0D-A6FD-ECD015E3E3C4}.Release|Any CPU.ActiveCfg = Release|Any CPU
		{C5BFCBBD-89A4-4E0D-A6FD-ECD015E3E3C4}.Release|Any CPU.Build.0 = Release|Any CPU
		{7F52B12C-025C-4ABF-A8F2-0402BD602048}.Debug|Any CPU.ActiveCfg = Debug|Any CPU
		{7F52B12C-025C-4ABF-A8F2-0402BD602048}.Debug|Any CPU.Build.0 = Debug|Any CPU
		{7F52B12C-025C-4ABF-A8F2-0402BD602048}.Release|Any CPU.ActiveCfg = Release|Any CPU
		{7F52B12C-025C-4ABF-A8F2-0402BD602048}.Release|Any CPU.Build.0 = Release|Any CPU
	EndGlobalSection
	GlobalSection(SolutionProperties) = preSolution
		HideSolutionNode = FALSE
	EndGlobalSection
EndGlobal
