
Microsoft Visual Studio Solution File, Format Version 12.00
# Visual Studio Version 17
VisualStudioVersion = 17.12.35707.178
MinimumVisualStudioVersion = 10.0.40219.1
Project("{FAE04EC0-301F-11D3-BF4B-00C04F79EFBC}") = "Lab.Dev.TestDemoApp", "Lab.Dev.TestDemoApp.csproj", "{AC69C63E-FF94-4B99-9115-338532510BF2}"
EndProject
Project("{FAE04EC0-301F-11D3-BF4B-00C04F79EFBC}") = "Lab.Dev.TestDemoApp.UnitTests", "..\Lab.Dev.TestDemoApp.UnitTests\Lab.Dev.TestDemoApp.UnitTests.csproj", "{1930FA57-4B85-4131-8233-1E9B1C93E375}"
EndProject
Project("{2150E333-8FDC-42A3-9474-1A3956D46DE8}") = "Features", "Features", "{DE28A233-10E6-451F-B0BF-992E676E64F8}"
EndProject
Project("{FAE04EC0-301F-11D3-BF4B-00C04F79EFBC}") = "Lab.Dev.Features", "..\Lab.Dev.Features\Lab.Dev.Features.csproj", "{5746104E-5E98-4506-94BF-CCEBD759E454}"
EndProject
Project("{FAE04EC0-301F-11D3-BF4B-00C04F79EFBC}") = "Lab.Dev.Features.Tests", "..\Lab.Dev.Features.Tests\Lab.Dev.Features.Tests.csproj", "{BCFF66A2-79FD-4029-8608-19F783BA4A9A}"
EndProject
Global
	GlobalSection(SolutionConfigurationPlatforms) = preSolution
		Debug|Any CPU = Debug|Any CPU
		Release|Any CPU = Release|Any CPU
	EndGlobalSection
	GlobalSection(ProjectConfigurationPlatforms) = postSolution
		{AC69C63E-FF94-4B99-9115-338532510BF2}.Debug|Any CPU.ActiveCfg = Debug|Any CPU
		{AC69C63E-FF94-4B99-9115-338532510BF2}.Debug|Any CPU.Build.0 = Debug|Any CPU
		{AC69C63E-FF94-4B99-9115-338532510BF2}.Release|Any CPU.ActiveCfg = Release|Any CPU
		{AC69C63E-FF94-4B99-9115-338532510BF2}.Release|Any CPU.Build.0 = Release|Any CPU
		{1930FA57-4B85-4131-8233-1E9B1C93E375}.Debug|Any CPU.ActiveCfg = Debug|Any CPU
		{1930FA57-4B85-4131-8233-1E9B1C93E375}.Debug|Any CPU.Build.0 = Debug|Any CPU
		{1930FA57-4B85-4131-8233-1E9B1C93E375}.Release|Any CPU.ActiveCfg = Release|Any CPU
		{1930FA57-4B85-4131-8233-1E9B1C93E375}.Release|Any CPU.Build.0 = Release|Any CPU
		{5746104E-5E98-4506-94BF-CCEBD759E454}.Debug|Any CPU.ActiveCfg = Debug|Any CPU
		{5746104E-5E98-4506-94BF-CCEBD759E454}.Debug|Any CPU.Build.0 = Debug|Any CPU
		{5746104E-5E98-4506-94BF-CCEBD759E454}.Release|Any CPU.ActiveCfg = Release|Any CPU
		{5746104E-5E98-4506-94BF-CCEBD759E454}.Release|Any CPU.Build.0 = Release|Any CPU
		{BCFF66A2-79FD-4029-8608-19F783BA4A9A}.Debug|Any CPU.ActiveCfg = Debug|Any CPU
		{BCFF66A2-79FD-4029-8608-19F783BA4A9A}.Debug|Any CPU.Build.0 = Debug|Any CPU
		{BCFF66A2-79FD-4029-8608-19F783BA4A9A}.Release|Any CPU.ActiveCfg = Release|Any CPU
		{BCFF66A2-79FD-4029-8608-19F783BA4A9A}.Release|Any CPU.Build.0 = Release|Any CPU
	EndGlobalSection
	GlobalSection(SolutionProperties) = preSolution
		HideSolutionNode = FALSE
	EndGlobalSection
	GlobalSection(NestedProjects) = preSolution
		{5746104E-5E98-4506-94BF-CCEBD759E454} = {DE28A233-10E6-451F-B0BF-992E676E64F8}
		{BCFF66A2-79FD-4029-8608-19F783BA4A9A} = {DE28A233-10E6-451F-B0BF-992E676E64F8}
	EndGlobalSection
EndGlobal
